
Microsoft Visual Studio Solution File, Format Version 12.00
# Visual Studio Version 16
VisualStudioVersion = 16.0.31729.503
MinimumVisualStudioVersion = 10.0.40219.1
Project("{FAE04EC0-301F-11D3-BF4B-00C04F79EFBC}") = "ComprobarFechas", "ComprobarFechas.csproj", "{595E2E51-7C3F-4101-A563-50D3D5308847}"
EndProject
Global
	GlobalSection(SolutionConfigurationPlatforms) = preSolution
		Debug|Any CPU = Debug|Any CPU
		Release|Any CPU = Release|Any CPU
	EndGlobalSection
	GlobalSection(ProjectConfigurationPlatforms) = postSolution
		{595E2E51-7C3F-4101-A563-50D3D5308847}.Debug|Any CPU.ActiveCfg = Debug|Any CPU
		{595E2E51-7C3F-4101-A563-50D3D5308847}.Debug|Any CPU.Build.0 = Debug|Any CPU
		{595E2E51-7C3F-4101-A563-50D3D5308847}.Release|Any CPU.ActiveCfg = Release|Any CPU
		{595E2E51-7C3F-4101-A563-50D3D5308847}.Release|Any CPU.Build.0 = Release|Any CPU
	EndGlobalSection
	GlobalSection(SolutionProperties) = preSolution
		HideSolutionNode = FALSE
	EndGlobalSection
	GlobalSection(ExtensibilityGlobals) = postSolution
		SolutionGuid = {7C0641BA-965D-49C1-A35E-108767BA4727}
	EndGlobalSection
EndGlobal
